
Microsoft Visual Studio Solution File, Format Version 12.00
# Visual Studio Version 17
VisualStudioVersion = 17.12.35527.113 d17.12
MinimumVisualStudioVersion = 10.0.40219.1
Project("{FAE04EC0-301F-11D3-BF4B-00C04F79EFBC}") = "UnitConverterLibrary", "UnitConverterLibrary\UnitConverterLibrary.csproj", "{26C9FAA5-772A-47B2-AC3B-053F635881D6}"
EndProject
Project("{FAE04EC0-301F-11D3-BF4B-00C04F79EFBC}") = "UnitConverterTest", "UnitConverterTest\UnitConverterTest.csproj", "{292C0EF1-625F-47B5-8C32-E9F62937F104}"
EndProject
Global
	GlobalSection(SolutionConfigurationPlatforms) = preSolution
		Debug|Any CPU = Debug|Any CPU
		Release|Any CPU = Release|Any CPU
	EndGlobalSection
	GlobalSection(ProjectConfigurationPlatforms) = postSolution
		{26C9FAA5-772A-47B2-AC3B-053F635881D6}.Debug|Any CPU.ActiveCfg = Debug|Any CPU
		{26C9FAA5-772A-47B2-AC3B-053F635881D6}.Debug|Any CPU.Build.0 = Debug|Any CPU
		{26C9FAA5-772A-47B2-AC3B-053F635881D6}.Release|Any CPU.ActiveCfg = Release|Any CPU
		{26C9FAA5-772A-47B2-AC3B-053F635881D6}.Release|Any CPU.Build.0 = Release|Any CPU
		{292C0EF1-625F-47B5-8C32-E9F62937F104}.Debug|Any CPU.ActiveCfg = Debug|Any CPU
		{292C0EF1-625F-47B5-8C32-E9F62937F104}.Debug|Any CPU.Build.0 = Debug|Any CPU
		{292C0EF1-625F-47B5-8C32-E9F62937F104}.Release|Any CPU.ActiveCfg = Release|Any CPU
		{292C0EF1-625F-47B5-8C32-E9F62937F104}.Release|Any CPU.Build.0 = Release|Any CPU
	EndGlobalSection
	GlobalSection(SolutionProperties) = preSolution
		HideSolutionNode = FALSE
	EndGlobalSection
EndGlobal
